
Microsoft Visual Studio Solution File, Format Version 12.00
# Visual Studio Version 17
VisualStudioVersion = 17.0.31903.59
MinimumVisualStudioVersion = 10.0.40219.1
Project("{2150E333-8FDC-42A3-9474-1A3956D46DE8}") = "src", "src", "{D26C97AE-0CAC-4603-8398-E62487F67CAB}"
EndProject
Project("{FAE04EC0-301F-11D3-BF4B-00C04F79EFBC}") = "Catalog", "src\Modules\Catalog\Catalog\Catalog.csproj", "{26EE6E3C-3E70-49DB-B332-2BD1D2D669B1}"
EndProject
Project("{2150E333-8FDC-42A3-9474-1A3956D46DE8}") = "Services", "Services", "{02EA681E-C7D8-13C7-8484-4AC65E1B71E8}"
EndProject
Project("{2150E333-8FDC-42A3-9474-1A3956D46DE8}") = "Catalog", "Catalog", "{1CE270FD-5F82-41C8-B15A-3BDBA6568AE1}"
EndProject
Project("{2150E333-8FDC-42A3-9474-1A3956D46DE8}") = "BuildingBlocks", "BuildingBlocks", "{CC950EC0-FE2B-471E-B2DB-016DC7440635}"
EndProject
Project("{2150E333-8FDC-42A3-9474-1A3956D46DE8}") = "CMS", "CMS", "{83258C13-E3F0-4B1A-B563-FFCFCF1593B1}"
EndProject
Project("{FAE04EC0-301F-11D3-BF4B-00C04F79EFBC}") = "CMS", "src\Modules\CMS\CMS\CMS.csproj", "{DDC068F6-7719-4436-9229-46F751DDBB2A}"
EndProject
Project("{2150E333-8FDC-42A3-9474-1A3956D46DE8}") = "Identity", "Identity", "{8F513E6B-E2CC-4F38-BB48-34D800A9A3C1}"
EndProject
Project("{FAE04EC0-301F-11D3-BF4B-00C04F79EFBC}") = "Identity", "src\Modules\Identity\Identity\Identity.csproj", "{F2BE9844-9658-4830-BFC4-7BB51BF39E4C}"
EndProject
Project("{2150E333-8FDC-42A3-9474-1A3956D46DE8}") = "Systems", "Systems", "{A929E40F-920F-4D30-BF62-107159AA02F0}"
EndProject
Project("{FAE04EC0-301F-11D3-BF4B-00C04F79EFBC}") = "Systems", "src\Modules\Systems\Systems\Systems.csproj", "{9C64EC7D-6476-4FBE-895B-5D8F713E2607}"
EndProject
Project("{2150E333-8FDC-42A3-9474-1A3956D46DE8}") = "Voucher", "Voucher", "{061CAB57-A8DC-4CA9-B953-1E79B93A5C44}"
EndProject
Project("{FAE04EC0-301F-11D3-BF4B-00C04F79EFBC}") = "Voucher", "src\Modules\Voucher\Voucher\Voucher.csproj", "{918392BE-BBF6-4530-8207-F1458E681D40}"
EndProject
Project("{2150E333-8FDC-42A3-9474-1A3956D46DE8}") = "AddOn", "AddOn", "{6BD91FA3-BA38-4D0A-AA56-7797A6D8909A}"
EndProject
Project("{FAE04EC0-301F-11D3-BF4B-00C04F79EFBC}") = "AddOn", "src\Modules\AddOn\AddOn\AddOn.csproj", "{D76F51A2-456D-4AAA-AA56-82E4C042F52E}"
EndProject
Project("{FAE04EC0-301F-11D3-BF4B-00C04F79EFBC}") = "BuildingBlocks", "src\BuildingBlocks\BuildingBlocks\BuildingBlocks.csproj", "{D2607EF5-D45C-0799-DBAB-8F9823749714}"
EndProject
Project("{FAE04EC0-301F-11D3-BF4B-00C04F79EFBC}") = "BuildingBlocks.Messaging", "src\BuildingBlocks\BuildingBlocks.Messaging\BuildingBlocks.Messaging.csproj", "{F67714E0-2A3E-D683-0814-DB1C2809803B}"
EndProject
Project("{2150E333-8FDC-42A3-9474-1A3956D46DE8}") = "ApiGateways", "ApiGateways", "{6A5BC31A-4447-48D8-BE90-F9CB2601A978}"
EndProject
Project("{FAE04EC0-301F-11D3-BF4B-00C04F79EFBC}") = "Web.Bff.ApiGateway", "src\ApiGateways\Web.Bff.ApiGateway\Web.Bff.ApiGateway.csproj", "{64DA8EC3-ABEF-44AE-BC21-275070F41089}"
EndProject
Project("{2150E333-8FDC-42A3-9474-1A3956D46DE8}") = "AuditTrait", "AuditTrait", "{75D7EB1B-5034-49BD-81B0-9AA47F4B9A74}"
EndProject
Project("{FAE04EC0-301F-11D3-BF4B-00C04F79EFBC}") = "AuditTrait", "src\Modules\AuditTrait\AuditTrait\AuditTrait.csproj", "{5B23F583-74DB-44D3-B260-926505EC9E2B}"
EndProject
Project("{FAE04EC0-301F-11D3-BF4B-00C04F79EFBC}") = "Mobile.Bff.ApiGateway", "src\ApiGateways\Mobile.Bff.ApiGateway\Mobile.Bff.ApiGateway.csproj", "{39C42F7B-57CE-4B52-A4EA-EFB6F9A589F2}"
EndProject
Project("{2150E333-8FDC-42A3-9474-1A3956D46DE8}") = "FileHandle", "FileHandle", "{AE35382F-D513-4AED-A1C2-76AC2081975C}"
EndProject
Project("{FAE04EC0-301F-11D3-BF4B-00C04F79EFBC}") = "FileHandle", "src\Modules\FileHandle\FileHandle\FileHandle.csproj", "{D6FA1D4A-9545-4092-917A-6785D509592B}"
EndProject
Project("{FAE04EC0-301F-11D3-BF4B-00C04F79EFBC}") = "Catalog.Base", "src\Modules\Catalog\Base\Catalog.Base.csproj", "{FF51E018-2E85-4CA4-BCDE-2C546EEFCD4B}"
EndProject
Project("{2150E333-8FDC-42A3-9474-1A3956D46DE8}") = "Report", "Report", "{37431F4C-7FC8-469E-B17D-6E79521395A6}"
EndProject
Project("{FAE04EC0-301F-11D3-BF4B-00C04F79EFBC}") = "Report", "src\Modules\Report\Report\Report.csproj", "{8BEC3434-782B-490C-AEB4-391DCF8BB837}"
EndProject
Project("{2150E333-8FDC-42A3-9474-1A3956D46DE8}") = "Notification", "Notification", "{F8E91F13-4337-4AC3-8588-810A8859CAE1}"
EndProject
Project("{FAE04EC0-301F-11D3-BF4B-00C04F79EFBC}") = "Notification", "src\Modules\Notification\Notification\Notification.csproj", "{4308DA2F-C674-473D-864C-697FE373BECA}"
EndProject
Project("{2150E333-8FDC-42A3-9474-1A3956D46DE8}") = "Financial", "Financial", "{DBB4A9E2-B9DB-487F-AE40-B6744C3C84D8}"
EndProject
Project("{FAE04EC0-301F-11D3-BF4B-00C04F79EFBC}") = "Financial", "src\Modules\Financial\Financial\Financial.csproj", "{F31018FC-970E-F57B-9330-C608E25D21CF}"
EndProject
Project("{FAE04EC0-301F-11D3-BF4B-00C04F79EFBC}") = "Catalog.HRM", "src\Modules\Catalog\HRM\Catalog.HRM.csproj", "{EF22B763-610B-4B5C-8E63-7AD61E876876}"
EndProject
Project("{2150E333-8FDC-42A3-9474-1A3956D46DE8}") = "FixedAsset", "FixedAsset", "{871E115C-8CBE-47D1-8941-834BE26EED8D}"
EndProject
Project("{FAE04EC0-301F-11D3-BF4B-00C04F79EFBC}") = "FixedAsset.Domain", "src\Modules\FixedAsset\FixedAsset.Domain\FixedAsset.Domain.csproj", "{668143DE-440D-60CB-3877-1C293DAB9782}"
EndProject
Project("{FAE04EC0-301F-11D3-BF4B-00C04F79EFBC}") = "FixedAsset.Infrastructure", "src\Modules\FixedAsset\FixedAsset.Infrastructure\FixedAsset.Infrastructure.csproj", "{1EA9A885-D0E2-3008-A46C-698213516F13}"
EndProject
Project("{FAE04EC0-301F-11D3-BF4B-00C04F79EFBC}") = "FixedAsset.API", "src\Modules\FixedAsset\FixedAsset.API\FixedAsset.API.csproj", "{08812F37-D65D-2735-79C2-819D2B22604B}"
EndProject
Project("{2150E333-8FDC-42A3-9474-1A3956D46DE8}") = "Supply", "Supply", "{7E13DFD8-E040-4F49-A537-C2757C1B0379}"
EndProject
Project("{FAE04EC0-301F-11D3-BF4B-00C04F79EFBC}") = "Supply.Domain", "src\Modules\Supply\Supply.Domain\Supply.Domain.csproj", "{01DBF2A1-711C-B517-4C02-E18637B60E53}"
EndProject
Project("{FAE04EC0-301F-11D3-BF4B-00C04F79EFBC}") = "Supply.Infrastructure", "src\Modules\Supply\Supply.Infrastructure\Supply.Infrastructure.csproj", "{02A2C4E6-23B4-D25C-4A5D-DB7634119EAF}"
EndProject
Project("{FAE04EC0-301F-11D3-BF4B-00C04F79EFBC}") = "Supply.API", "src\Modules\Supply\Supply.API\Supply.API.csproj", "{0FC7A613-8484-575C-4EDA-19C58ED8159A}"
EndProject
Project("{2150E333-8FDC-42A3-9474-1A3956D46DE8}") = "Salary", "Salary", "{F5A3C1D6-32A2-4253-A598-7310EA39EE91}"
EndProject
Project("{FAE04EC0-301F-11D3-BF4B-00C04F79EFBC}") = "Salary", "src\Modules\Salary\Salary.csproj", "{03F51D23-B694-9646-8CED-AA626E121097}"
EndProject
Project("{2150E333-8FDC-42A3-9474-1A3956D46DE8}") = "RefNo", "RefNo", "{45928983-B323-4334-81B9-62C6B3FF916B}"
EndProject
Project("{FAE04EC0-301F-11D3-BF4B-00C04F79EFBC}") = "RefNo.API", "src\Modules\RefNo\RefNo.API\RefNo.API.csproj", "{4B569FAF-E4E2-33F8-EB58-A4C810519B60}"
EndProject
Project("{2150E333-8FDC-42A3-9474-1A3956D46DE8}") = "Email", "Email", "{D45F7AF0-531D-4CFD-8B42-83E76C33AC9C}"
EndProject
Project("{FAE04EC0-301F-11D3-BF4B-00C04F79EFBC}") = "EmailGGModule", "src\Modules\EmailGGModule\EmailGGModule.csproj", "{6C1BEFC7-8BBA-E82E-08D0-31D9330A2049}"
EndProject
Project("{2150E333-8FDC-42A3-9474-1A3956D46DE8}") = "Ledger", "Ledger", "{88CF4D26-D9CF-44C0-938F-1483B8AAAF1A}"
EndProject
Project("{FAE04EC0-301F-11D3-BF4B-00C04F79EFBC}") = "Ledger.API", "src\Modules\Ledger\Ledger.API\Ledger.API.csproj", "{7A56CC6C-BFA9-F1A6-61B8-E90ABB82FD38}"
EndProject
Project("{2150E333-8FDC-42A3-9474-1A3956D46DE8}") = "Ref", "Ref", "{3286D94B-D55C-44FF-86A3-44921E0ECC84}"
EndProject
Project("{FAE04EC0-301F-11D3-BF4B-00C04F79EFBC}") = "Ref.API", "src\Modules\Ref\Ref.API\Ref.API.csproj", "{64591BF4-9C40-3C45-F50E-1C3FD44891E8}"
EndProject
Project("{2150E333-8FDC-42A3-9474-1A3956D46DE8}") = "Auth", "Auth", "{AB609CF7-79B1-4472-8D41-DF30546D00BA}"
EndProject
Project("{FAE04EC0-301F-11D3-BF4B-00C04F79EFBC}") = "Auth.API", "src\Modules\Auth\Auth.API\Auth.API.csproj", "{92B1EE60-A81C-1B2E-9B8E-910C99D8AB59}"
EndProject
Project("{2150E333-8FDC-42A3-9474-1A3956D46DE8}") = "Shared", "Shared", "{00E75A3E-DE43-4ECA-97FE-5BB63C745867}"
EndProject
Project("{FAE04EC0-301F-11D3-BF4B-00C04F79EFBC}") = "Smart.Shared", "src\Shared\Smart.Shared\Smart.Shared.csproj", "{155C169C-49E3-4CF8-9173-30493ECA6C92}"
EndProject
Project("{FAE04EC0-301F-11D3-BF4B-00C04F79EFBC}") = "Catalog.SGas", "src\Modules\Catalog\Catalog.SGas\Catalog.SGas.csproj", "{D3A05BD3-4807-443C-9169-99EE4C430A30}"
EndProject
Project("{FAE04EC0-301F-11D3-BF4B-00C04F79EFBC}") = "Voucher.Sgas", "src\Modules\Voucher\Voucher.Sgas\Voucher.Sgas.csproj", "{8DF05F26-A8CD-42B5-9163-DE3930B401B7}"
EndProject
Project("{FAE04EC0-301F-11D3-BF4B-00C04F79EFBC}") = "Voucher.Acc", "src\Modules\Voucher\Voucher.Acc\Voucher.Acc.csproj", "{79F223D6-D8BA-4C81-AEAB-411F52F7BF08}"
EndProject
Project("{FAE04EC0-301F-11D3-BF4B-00C04F79EFBC}") = "Voucher.Common", "src\Modules\Voucher\Voucher.Common\Voucher.Common.csproj", "{0F3B643F-F7C5-4F13-90B9-9E7E59D2B462}"
EndProject
Project("{FAE04EC0-301F-11D3-BF4B-00C04F79EFBC}") = "Voucher.HRM", "src\Modules\Voucher\Voucher.HRM\Voucher.HRM.csproj", "{F5FC91B6-6975-4E01-9211-F7311E775FF1}"
EndProject
Global
	GlobalSection(SolutionConfigurationPlatforms) = preSolution
		Debug|Any CPU = Debug|Any CPU
		Release|Any CPU = Release|Any CPU
	EndGlobalSection
	GlobalSection(ProjectConfigurationPlatforms) = postSolution
		{26EE6E3C-3E70-49DB-B332-2BD1D2D669B1}.Debug|Any CPU.ActiveCfg = Debug|Any CPU
		{26EE6E3C-3E70-49DB-B332-2BD1D2D669B1}.Debug|Any CPU.Build.0 = Debug|Any CPU
		{26EE6E3C-3E70-49DB-B332-2BD1D2D669B1}.Release|Any CPU.ActiveCfg = Release|Any CPU
		{26EE6E3C-3E70-49DB-B332-2BD1D2D669B1}.Release|Any CPU.Build.0 = Release|Any CPU
		{DDC068F6-7719-4436-9229-46F751DDBB2A}.Debug|Any CPU.ActiveCfg = Debug|Any CPU
		{DDC068F6-7719-4436-9229-46F751DDBB2A}.Debug|Any CPU.Build.0 = Debug|Any CPU
		{DDC068F6-7719-4436-9229-46F751DDBB2A}.Release|Any CPU.ActiveCfg = Release|Any CPU
		{DDC068F6-7719-4436-9229-46F751DDBB2A}.Release|Any CPU.Build.0 = Release|Any CPU
		{F2BE9844-9658-4830-BFC4-7BB51BF39E4C}.Debug|Any CPU.ActiveCfg = Debug|Any CPU
		{F2BE9844-9658-4830-BFC4-7BB51BF39E4C}.Debug|Any CPU.Build.0 = Debug|Any CPU
		{F2BE9844-9658-4830-BFC4-7BB51BF39E4C}.Release|Any CPU.ActiveCfg = Release|Any CPU
		{F2BE9844-9658-4830-BFC4-7BB51BF39E4C}.Release|Any CPU.Build.0 = Release|Any CPU
		{9C64EC7D-6476-4FBE-895B-5D8F713E2607}.Debug|Any CPU.ActiveCfg = Debug|Any CPU
		{9C64EC7D-6476-4FBE-895B-5D8F713E2607}.Debug|Any CPU.Build.0 = Debug|Any CPU
		{9C64EC7D-6476-4FBE-895B-5D8F713E2607}.Release|Any CPU.ActiveCfg = Release|Any CPU
		{9C64EC7D-6476-4FBE-895B-5D8F713E2607}.Release|Any CPU.Build.0 = Release|Any CPU
		{918392BE-BBF6-4530-8207-F1458E681D40}.Debug|Any CPU.ActiveCfg = Debug|Any CPU
		{918392BE-BBF6-4530-8207-F1458E681D40}.Debug|Any CPU.Build.0 = Debug|Any CPU
		{918392BE-BBF6-4530-8207-F1458E681D40}.Release|Any CPU.ActiveCfg = Release|Any CPU
		{918392BE-BBF6-4530-8207-F1458E681D40}.Release|Any CPU.Build.0 = Release|Any CPU
		{D76F51A2-456D-4AAA-AA56-82E4C042F52E}.Debug|Any CPU.ActiveCfg = Debug|Any CPU
		{D76F51A2-456D-4AAA-AA56-82E4C042F52E}.Debug|Any CPU.Build.0 = Debug|Any CPU
		{D76F51A2-456D-4AAA-AA56-82E4C042F52E}.Release|Any CPU.ActiveCfg = Release|Any CPU
		{D76F51A2-456D-4AAA-AA56-82E4C042F52E}.Release|Any CPU.Build.0 = Release|Any CPU
		{D2607EF5-D45C-0799-DBAB-8F9823749714}.Debug|Any CPU.ActiveCfg = Debug|Any CPU
		{D2607EF5-D45C-0799-DBAB-8F9823749714}.Debug|Any CPU.Build.0 = Debug|Any CPU
		{D2607EF5-D45C-0799-DBAB-8F9823749714}.Release|Any CPU.ActiveCfg = Release|Any CPU
		{D2607EF5-D45C-0799-DBAB-8F9823749714}.Release|Any CPU.Build.0 = Release|Any CPU
		{F67714E0-2A3E-D683-0814-DB1C2809803B}.Debug|Any CPU.ActiveCfg = Debug|Any CPU
		{F67714E0-2A3E-D683-0814-DB1C2809803B}.Debug|Any CPU.Build.0 = Debug|Any CPU
		{F67714E0-2A3E-D683-0814-DB1C2809803B}.Release|Any CPU.ActiveCfg = Release|Any CPU
		{F67714E0-2A3E-D683-0814-DB1C2809803B}.Release|Any CPU.Build.0 = Release|Any CPU
		{64DA8EC3-ABEF-44AE-BC21-275070F41089}.Debug|Any CPU.ActiveCfg = Debug|Any CPU
		{64DA8EC3-ABEF-44AE-BC21-275070F41089}.Debug|Any CPU.Build.0 = Debug|Any CPU
		{64DA8EC3-ABEF-44AE-BC21-275070F41089}.Release|Any CPU.ActiveCfg = Release|Any CPU
		{64DA8EC3-ABEF-44AE-BC21-275070F41089}.Release|Any CPU.Build.0 = Release|Any CPU
		{5B23F583-74DB-44D3-B260-926505EC9E2B}.Debug|Any CPU.ActiveCfg = Debug|Any CPU
		{5B23F583-74DB-44D3-B260-926505EC9E2B}.Debug|Any CPU.Build.0 = Debug|Any CPU
		{5B23F583-74DB-44D3-B260-926505EC9E2B}.Release|Any CPU.ActiveCfg = Release|Any CPU
		{5B23F583-74DB-44D3-B260-926505EC9E2B}.Release|Any CPU.Build.0 = Release|Any CPU
		{39C42F7B-57CE-4B52-A4EA-EFB6F9A589F2}.Debug|Any CPU.ActiveCfg = Debug|Any CPU
		{39C42F7B-57CE-4B52-A4EA-EFB6F9A589F2}.Debug|Any CPU.Build.0 = Debug|Any CPU
		{39C42F7B-57CE-4B52-A4EA-EFB6F9A589F2}.Release|Any CPU.ActiveCfg = Release|Any CPU
		{39C42F7B-57CE-4B52-A4EA-EFB6F9A589F2}.Release|Any CPU.Build.0 = Release|Any CPU
		{D6FA1D4A-9545-4092-917A-6785D509592B}.Debug|Any CPU.ActiveCfg = Debug|Any CPU
		{D6FA1D4A-9545-4092-917A-6785D509592B}.Debug|Any CPU.Build.0 = Debug|Any CPU
		{D6FA1D4A-9545-4092-917A-6785D509592B}.Release|Any CPU.ActiveCfg = Release|Any CPU
		{D6FA1D4A-9545-4092-917A-6785D509592B}.Release|Any CPU.Build.0 = Release|Any CPU
		{FF51E018-2E85-4CA4-BCDE-2C546EEFCD4B}.Debug|Any CPU.ActiveCfg = Debug|Any CPU
		{FF51E018-2E85-4CA4-BCDE-2C546EEFCD4B}.Debug|Any CPU.Build.0 = Debug|Any CPU
		{FF51E018-2E85-4CA4-BCDE-2C546EEFCD4B}.Release|Any CPU.ActiveCfg = Release|Any CPU
		{FF51E018-2E85-4CA4-BCDE-2C546EEFCD4B}.Release|Any CPU.Build.0 = Release|Any CPU
		{8BEC3434-782B-490C-AEB4-391DCF8BB837}.Debug|Any CPU.ActiveCfg = Debug|Any CPU
		{8BEC3434-782B-490C-AEB4-391DCF8BB837}.Debug|Any CPU.Build.0 = Debug|Any CPU
		{8BEC3434-782B-490C-AEB4-391DCF8BB837}.Release|Any CPU.ActiveCfg = Release|Any CPU
		{8BEC3434-782B-490C-AEB4-391DCF8BB837}.Release|Any CPU.Build.0 = Release|Any CPU
		{4308DA2F-C674-473D-864C-697FE373BECA}.Debug|Any CPU.ActiveCfg = Debug|Any CPU
		{4308DA2F-C674-473D-864C-697FE373BECA}.Debug|Any CPU.Build.0 = Debug|Any CPU
		{4308DA2F-C674-473D-864C-697FE373BECA}.Release|Any CPU.ActiveCfg = Release|Any CPU
		{4308DA2F-C674-473D-864C-697FE373BECA}.Release|Any CPU.Build.0 = Release|Any CPU
		{F31018FC-970E-F57B-9330-C608E25D21CF}.Debug|Any CPU.ActiveCfg = Debug|Any CPU
		{F31018FC-970E-F57B-9330-C608E25D21CF}.Debug|Any CPU.Build.0 = Debug|Any CPU
		{F31018FC-970E-F57B-9330-C608E25D21CF}.Release|Any CPU.ActiveCfg = Release|Any CPU
		{F31018FC-970E-F57B-9330-C608E25D21CF}.Release|Any CPU.Build.0 = Release|Any CPU
		{EF22B763-610B-4B5C-8E63-7AD61E876876}.Debug|Any CPU.ActiveCfg = Debug|Any CPU
		{EF22B763-610B-4B5C-8E63-7AD61E876876}.Debug|Any CPU.Build.0 = Debug|Any CPU
		{EF22B763-610B-4B5C-8E63-7AD61E876876}.Release|Any CPU.ActiveCfg = Release|Any CPU
		{EF22B763-610B-4B5C-8E63-7AD61E876876}.Release|Any CPU.Build.0 = Release|Any CPU
		{668143DE-440D-60CB-3877-1C293DAB9782}.Debug|Any CPU.ActiveCfg = Debug|Any CPU
		{668143DE-440D-60CB-3877-1C293DAB9782}.Debug|Any CPU.Build.0 = Debug|Any CPU
		{668143DE-440D-60CB-3877-1C293DAB9782}.Release|Any CPU.ActiveCfg = Release|Any CPU
		{668143DE-440D-60CB-3877-1C293DAB9782}.Release|Any CPU.Build.0 = Release|Any CPU
		{1EA9A885-D0E2-3008-A46C-698213516F13}.Debug|Any CPU.ActiveCfg = Debug|Any CPU
		{1EA9A885-D0E2-3008-A46C-698213516F13}.Debug|Any CPU.Build.0 = Debug|Any CPU
		{1EA9A885-D0E2-3008-A46C-698213516F13}.Release|Any CPU.ActiveCfg = Release|Any CPU
		{1EA9A885-D0E2-3008-A46C-698213516F13}.Release|Any CPU.Build.0 = Release|Any CPU
		{08812F37-D65D-2735-79C2-819D2B22604B}.Debug|Any CPU.ActiveCfg = Debug|Any CPU
		{08812F37-D65D-2735-79C2-819D2B22604B}.Debug|Any CPU.Build.0 = Debug|Any CPU
		{08812F37-D65D-2735-79C2-819D2B22604B}.Release|Any CPU.ActiveCfg = Release|Any CPU
		{08812F37-D65D-2735-79C2-819D2B22604B}.Release|Any CPU.Build.0 = Release|Any CPU
		{01DBF2A1-711C-B517-4C02-E18637B60E53}.Debug|Any CPU.ActiveCfg = Debug|Any CPU
		{01DBF2A1-711C-B517-4C02-E18637B60E53}.Debug|Any CPU.Build.0 = Debug|Any CPU
		{01DBF2A1-711C-B517-4C02-E18637B60E53}.Release|Any CPU.ActiveCfg = Release|Any CPU
		{01DBF2A1-711C-B517-4C02-E18637B60E53}.Release|Any CPU.Build.0 = Release|Any CPU
		{02A2C4E6-23B4-D25C-4A5D-DB7634119EAF}.Debug|Any CPU.ActiveCfg = Debug|Any CPU
		{02A2C4E6-23B4-D25C-4A5D-DB7634119EAF}.Debug|Any CPU.Build.0 = Debug|Any CPU
		{02A2C4E6-23B4-D25C-4A5D-DB7634119EAF}.Release|Any CPU.ActiveCfg = Release|Any CPU
		{02A2C4E6-23B4-D25C-4A5D-DB7634119EAF}.Release|Any CPU.Build.0 = Release|Any CPU
		{0FC7A613-8484-575C-4EDA-19C58ED8159A}.Debug|Any CPU.ActiveCfg = Debug|Any CPU
		{0FC7A613-8484-575C-4EDA-19C58ED8159A}.Debug|Any CPU.Build.0 = Debug|Any CPU
		{0FC7A613-8484-575C-4EDA-19C58ED8159A}.Release|Any CPU.ActiveCfg = Release|Any CPU
		{0FC7A613-8484-575C-4EDA-19C58ED8159A}.Release|Any CPU.Build.0 = Release|Any CPU
		{03F51D23-B694-9646-8CED-AA626E121097}.Debug|Any CPU.ActiveCfg = Debug|Any CPU
		{03F51D23-B694-9646-8CED-AA626E121097}.Debug|Any CPU.Build.0 = Debug|Any CPU
		{03F51D23-B694-9646-8CED-AA626E121097}.Release|Any CPU.ActiveCfg = Release|Any CPU
		{03F51D23-B694-9646-8CED-AA626E121097}.Release|Any CPU.Build.0 = Release|Any CPU
		{4B569FAF-E4E2-33F8-EB58-A4C810519B60}.Debug|Any CPU.ActiveCfg = Debug|Any CPU
		{4B569FAF-E4E2-33F8-EB58-A4C810519B60}.Debug|Any CPU.Build.0 = Debug|Any CPU
		{4B569FAF-E4E2-33F8-EB58-A4C810519B60}.Release|Any CPU.ActiveCfg = Release|Any CPU
		{4B569FAF-E4E2-33F8-EB58-A4C810519B60}.Release|Any CPU.Build.0 = Release|Any CPU
		{6C1BEFC7-8BBA-E82E-08D0-31D9330A2049}.Debug|Any CPU.ActiveCfg = Debug|Any CPU
		{6C1BEFC7-8BBA-E82E-08D0-31D9330A2049}.Debug|Any CPU.Build.0 = Debug|Any CPU
		{6C1BEFC7-8BBA-E82E-08D0-31D9330A2049}.Release|Any CPU.ActiveCfg = Release|Any CPU
		{6C1BEFC7-8BBA-E82E-08D0-31D9330A2049}.Release|Any CPU.Build.0 = Release|Any CPU
		{7A56CC6C-BFA9-F1A6-61B8-E90ABB82FD38}.Debug|Any CPU.ActiveCfg = Debug|Any CPU
		{7A56CC6C-BFA9-F1A6-61B8-E90ABB82FD38}.Debug|Any CPU.Build.0 = Debug|Any CPU
		{7A56CC6C-BFA9-F1A6-61B8-E90ABB82FD38}.Release|Any CPU.ActiveCfg = Release|Any CPU
		{7A56CC6C-BFA9-F1A6-61B8-E90ABB82FD38}.Release|Any CPU.Build.0 = Release|Any CPU
		{64591BF4-9C40-3C45-F50E-1C3FD44891E8}.Debug|Any CPU.ActiveCfg = Debug|Any CPU
		{64591BF4-9C40-3C45-F50E-1C3FD44891E8}.Debug|Any CPU.Build.0 = Debug|Any CPU
		{64591BF4-9C40-3C45-F50E-1C3FD44891E8}.Release|Any CPU.ActiveCfg = Release|Any CPU
		{64591BF4-9C40-3C45-F50E-1C3FD44891E8}.Release|Any CPU.Build.0 = Release|Any CPU
		{92B1EE60-A81C-1B2E-9B8E-910C99D8AB59}.Debug|Any CPU.ActiveCfg = Debug|Any CPU
		{92B1EE60-A81C-1B2E-9B8E-910C99D8AB59}.Debug|Any CPU.Build.0 = Debug|Any CPU
		{92B1EE60-A81C-1B2E-9B8E-910C99D8AB59}.Release|Any CPU.ActiveCfg = Release|Any CPU
		{92B1EE60-A81C-1B2E-9B8E-910C99D8AB59}.Release|Any CPU.Build.0 = Release|Any CPU
		{155C169C-49E3-4CF8-9173-30493ECA6C92}.Debug|Any CPU.ActiveCfg = Debug|Any CPU
		{155C169C-49E3-4CF8-9173-30493ECA6C92}.Debug|Any CPU.Build.0 = Debug|Any CPU
		{155C169C-49E3-4CF8-9173-30493ECA6C92}.Release|Any CPU.ActiveCfg = Release|Any CPU
		{155C169C-49E3-4CF8-9173-30493ECA6C92}.Release|Any CPU.Build.0 = Release|Any CPU
		{D3A05BD3-4807-443C-9169-99EE4C430A30}.Debug|Any CPU.ActiveCfg = Debug|Any CPU
		{D3A05BD3-4807-443C-9169-99EE4C430A30}.Debug|Any CPU.Build.0 = Debug|Any CPU
		{D3A05BD3-4807-443C-9169-99EE4C430A30}.Release|Any CPU.ActiveCfg = Release|Any CPU
		{D3A05BD3-4807-443C-9169-99EE4C430A30}.Release|Any CPU.Build.0 = Release|Any CPU
		{8DF05F26-A8CD-42B5-9163-DE3930B401B7}.Debug|Any CPU.ActiveCfg = Debug|Any CPU
		{8DF05F26-A8CD-42B5-9163-DE3930B401B7}.Debug|Any CPU.Build.0 = Debug|Any CPU
		{8DF05F26-A8CD-42B5-9163-DE3930B401B7}.Release|Any CPU.ActiveCfg = Release|Any CPU
		{8DF05F26-A8CD-42B5-9163-DE3930B401B7}.Release|Any CPU.Build.0 = Release|Any CPU
		{79F223D6-D8BA-4C81-AEAB-411F52F7BF08}.Debug|Any CPU.ActiveCfg = Debug|Any CPU
		{79F223D6-D8BA-4C81-AEAB-411F52F7BF08}.Debug|Any CPU.Build.0 = Debug|Any CPU
		{79F223D6-D8BA-4C81-AEAB-411F52F7BF08}.Release|Any CPU.ActiveCfg = Release|Any CPU
		{79F223D6-D8BA-4C81-AEAB-411F52F7BF08}.Release|Any CPU.Build.0 = Release|Any CPU
		{0F3B643F-F7C5-4F13-90B9-9E7E59D2B462}.Debug|Any CPU.ActiveCfg = Debug|Any CPU
		{0F3B643F-F7C5-4F13-90B9-9E7E59D2B462}.Debug|Any CPU.Build.0 = Debug|Any CPU
		{0F3B643F-F7C5-4F13-90B9-9E7E59D2B462}.Release|Any CPU.ActiveCfg = Release|Any CPU
		{0F3B643F-F7C5-4F13-90B9-9E7E59D2B462}.Release|Any CPU.Build.0 = Release|Any CPU
		{F5FC91B6-6975-4E01-9211-F7311E775FF1}.Debug|Any CPU.ActiveCfg = Debug|Any CPU
		{F5FC91B6-6975-4E01-9211-F7311E775FF1}.Debug|Any CPU.Build.0 = Debug|Any CPU
		{F5FC91B6-6975-4E01-9211-F7311E775FF1}.Release|Any CPU.ActiveCfg = Release|Any CPU
		{F5FC91B6-6975-4E01-9211-F7311E775FF1}.Release|Any CPU.Build.0 = Release|Any CPU
	EndGlobalSection
	GlobalSection(SolutionProperties) = preSolution
		HideSolutionNode = FALSE
	EndGlobalSection
	GlobalSection(NestedProjects) = preSolution
		{26EE6E3C-3E70-49DB-B332-2BD1D2D669B1} = {1CE270FD-5F82-41C8-B15A-3BDBA6568AE1}
		{02EA681E-C7D8-13C7-8484-4AC65E1B71E8} = {D26C97AE-0CAC-4603-8398-E62487F67CAB}
		{1CE270FD-5F82-41C8-B15A-3BDBA6568AE1} = {02EA681E-C7D8-13C7-8484-4AC65E1B71E8}
		{CC950EC0-FE2B-471E-B2DB-016DC7440635} = {D26C97AE-0CAC-4603-8398-E62487F67CAB}
		{83258C13-E3F0-4B1A-B563-FFCFCF1593B1} = {02EA681E-C7D8-13C7-8484-4AC65E1B71E8}
		{DDC068F6-7719-4436-9229-46F751DDBB2A} = {83258C13-E3F0-4B1A-B563-FFCFCF1593B1}
		{8F513E6B-E2CC-4F38-BB48-34D800A9A3C1} = {02EA681E-C7D8-13C7-8484-4AC65E1B71E8}
		{F2BE9844-9658-4830-BFC4-7BB51BF39E4C} = {8F513E6B-E2CC-4F38-BB48-34D800A9A3C1}
		{A929E40F-920F-4D30-BF62-107159AA02F0} = {02EA681E-C7D8-13C7-8484-4AC65E1B71E8}
		{9C64EC7D-6476-4FBE-895B-5D8F713E2607} = {A929E40F-920F-4D30-BF62-107159AA02F0}
		{061CAB57-A8DC-4CA9-B953-1E79B93A5C44} = {02EA681E-C7D8-13C7-8484-4AC65E1B71E8}
		{918392BE-BBF6-4530-8207-F1458E681D40} = {061CAB57-A8DC-4CA9-B953-1E79B93A5C44}
		{6BD91FA3-BA38-4D0A-AA56-7797A6D8909A} = {02EA681E-C7D8-13C7-8484-4AC65E1B71E8}
		{D76F51A2-456D-4AAA-AA56-82E4C042F52E} = {6BD91FA3-BA38-4D0A-AA56-7797A6D8909A}
		{D2607EF5-D45C-0799-DBAB-8F9823749714} = {CC950EC0-FE2B-471E-B2DB-016DC7440635}
		{F67714E0-2A3E-D683-0814-DB1C2809803B} = {CC950EC0-FE2B-471E-B2DB-016DC7440635}
		{6A5BC31A-4447-48D8-BE90-F9CB2601A978} = {D26C97AE-0CAC-4603-8398-E62487F67CAB}
		{64DA8EC3-ABEF-44AE-BC21-275070F41089} = {6A5BC31A-4447-48D8-BE90-F9CB2601A978}
		{75D7EB1B-5034-49BD-81B0-9AA47F4B9A74} = {02EA681E-C7D8-13C7-8484-4AC65E1B71E8}
		{5B23F583-74DB-44D3-B260-926505EC9E2B} = {75D7EB1B-5034-49BD-81B0-9AA47F4B9A74}
		{39C42F7B-57CE-4B52-A4EA-EFB6F9A589F2} = {6A5BC31A-4447-48D8-BE90-F9CB2601A978}
		{AE35382F-D513-4AED-A1C2-76AC2081975C} = {02EA681E-C7D8-13C7-8484-4AC65E1B71E8}
		{D6FA1D4A-9545-4092-917A-6785D509592B} = {AE35382F-D513-4AED-A1C2-76AC2081975C}
		{FF51E018-2E85-4CA4-BCDE-2C546EEFCD4B} = {1CE270FD-5F82-41C8-B15A-3BDBA6568AE1}
		{37431F4C-7FC8-469E-B17D-6E79521395A6} = {02EA681E-C7D8-13C7-8484-4AC65E1B71E8}
		{8BEC3434-782B-490C-AEB4-391DCF8BB837} = {37431F4C-7FC8-469E-B17D-6E79521395A6}
		{F8E91F13-4337-4AC3-8588-810A8859CAE1} = {02EA681E-C7D8-13C7-8484-4AC65E1B71E8}
		{4308DA2F-C674-473D-864C-697FE373BECA} = {F8E91F13-4337-4AC3-8588-810A8859CAE1}
		{DBB4A9E2-B9DB-487F-AE40-B6744C3C84D8} = {02EA681E-C7D8-13C7-8484-4AC65E1B71E8}
		{F31018FC-970E-F57B-9330-C608E25D21CF} = {DBB4A9E2-B9DB-487F-AE40-B6744C3C84D8}
		{EF22B763-610B-4B5C-8E63-7AD61E876876} = {1CE270FD-5F82-41C8-B15A-3BDBA6568AE1}
		{871E115C-8CBE-47D1-8941-834BE26EED8D} = {02EA681E-C7D8-13C7-8484-4AC65E1B71E8}
		{668143DE-440D-60CB-3877-1C293DAB9782} = {871E115C-8CBE-47D1-8941-834BE26EED8D}
		{1EA9A885-D0E2-3008-A46C-698213516F13} = {871E115C-8CBE-47D1-8941-834BE26EED8D}
		{08812F37-D65D-2735-79C2-819D2B22604B} = {871E115C-8CBE-47D1-8941-834BE26EED8D}
		{7E13DFD8-E040-4F49-A537-C2757C1B0379} = {02EA681E-C7D8-13C7-8484-4AC65E1B71E8}
		{01DBF2A1-711C-B517-4C02-E18637B60E53} = {7E13DFD8-E040-4F49-A537-C2757C1B0379}
		{02A2C4E6-23B4-D25C-4A5D-DB7634119EAF} = {7E13DFD8-E040-4F49-A537-C2757C1B0379}
		{0FC7A613-8484-575C-4EDA-19C58ED8159A} = {7E13DFD8-E040-4F49-A537-C2757C1B0379}
		{F5A3C1D6-32A2-4253-A598-7310EA39EE91} = {02EA681E-C7D8-13C7-8484-4AC65E1B71E8}
		{03F51D23-B694-9646-8CED-AA626E121097} = {F5A3C1D6-32A2-4253-A598-7310EA39EE91}
		{45928983-B323-4334-81B9-62C6B3FF916B} = {02EA681E-C7D8-13C7-8484-4AC65E1B71E8}
		{4B569FAF-E4E2-33F8-EB58-A4C810519B60} = {45928983-B323-4334-81B9-62C6B3FF916B}
		{D45F7AF0-531D-4CFD-8B42-83E76C33AC9C} = {02EA681E-C7D8-13C7-8484-4AC65E1B71E8}
		{6C1BEFC7-8BBA-E82E-08D0-31D9330A2049} = {D45F7AF0-531D-4CFD-8B42-83E76C33AC9C}
		{88CF4D26-D9CF-44C0-938F-1483B8AAAF1A} = {02EA681E-C7D8-13C7-8484-4AC65E1B71E8}
		{7A56CC6C-BFA9-F1A6-61B8-E90ABB82FD38} = {88CF4D26-D9CF-44C0-938F-1483B8AAAF1A}
		{3286D94B-D55C-44FF-86A3-44921E0ECC84} = {02EA681E-C7D8-13C7-8484-4AC65E1B71E8}
		{64591BF4-9C40-3C45-F50E-1C3FD44891E8} = {3286D94B-D55C-44FF-86A3-44921E0ECC84}
		{AB609CF7-79B1-4472-8D41-DF30546D00BA} = {02EA681E-C7D8-13C7-8484-4AC65E1B71E8}
		{92B1EE60-A81C-1B2E-9B8E-910C99D8AB59} = {AB609CF7-79B1-4472-8D41-DF30546D00BA}
		{00E75A3E-DE43-4ECA-97FE-5BB63C745867} = {D26C97AE-0CAC-4603-8398-E62487F67CAB}
		{155C169C-49E3-4CF8-9173-30493ECA6C92} = {00E75A3E-DE43-4ECA-97FE-5BB63C745867}
		{D3A05BD3-4807-443C-9169-99EE4C430A30} = {1CE270FD-5F82-41C8-B15A-3BDBA6568AE1}
		{8DF05F26-A8CD-42B5-9163-DE3930B401B7} = {061CAB57-A8DC-4CA9-B953-1E79B93A5C44}
		{79F223D6-D8BA-4C81-AEAB-411F52F7BF08} = {061CAB57-A8DC-4CA9-B953-1E79B93A5C44}
		{0F3B643F-F7C5-4F13-90B9-9E7E59D2B462} = {061CAB57-A8DC-4CA9-B953-1E79B93A5C44}
		{F5FC91B6-6975-4E01-9211-F7311E775FF1} = {061CAB57-A8DC-4CA9-B953-1E79B93A5C44}
	EndGlobalSection
	GlobalSection(ExtensibilityGlobals) = postSolution
		SolutionGuid = {F93466CC-62B8-4FE1-9218-CF1405BC3C7D}
	EndGlobalSection
EndGlobal
